
Microsoft Visual Studio Solution File, Format Version 12.00
# Visual Studio Version 17
VisualStudioVersion = 17.9.34728.123
MinimumVisualStudioVersion = 10.0.40219.1
Project("{9A19103F-16F7-4668-BE54-9A1E7A4F7556}") = "RDS.Fantadepo.WebApi.Business", "RDS.Fantadepo.Business\RDS.Fantadepo.WebApi.Business.csproj", "{03EF7C46-311D-49F8-9137-854CB70B787C}"
EndProject
Project("{9A19103F-16F7-4668-BE54-9A1E7A4F7556}") = "RDS.Fantadepo.MAUI", "RDS.Fantadepo.MAUI\RDS.Fantadepo.MAUI.csproj", "{7BBB079C-F7EF-4C57-A76A-D1ADC75AD179}"
EndProject
Project("{9A19103F-16F7-4668-BE54-9A1E7A4F7556}") = "RDS.Fantadepo.WebApi.Business.Tests", "RDS.Fantadepo.Business.Tests\RDS.Fantadepo.WebApi.Business.Tests.csproj", "{9C11D537-BB70-4A13-88BE-EE30B1C160C2}"
EndProject
Project("{9A19103F-16F7-4668-BE54-9A1E7A4F7556}") = "RDS.Fantadepo.WebApi.DataAccess", "RDS.Fantadepo.DataAccess\RDS.Fantadepo.WebApi.DataAccess.csproj", "{75A1B62C-5684-488A-B12E-2656BA79EC2B}"
EndProject
Project("{9A19103F-16F7-4668-BE54-9A1E7A4F7556}") = "RDS.Fantadepo.WebApi", "RDS.Fantadepo.WebApi\RDS.Fantadepo.WebApi.csproj", "{98B3A10F-81E1-4B4A-8792-25BB96933E4E}"
EndProject
Project("{9A19103F-16F7-4668-BE54-9A1E7A4F7556}") = "RDS.Fantadepo.Models", "RDS.Fantadepo.DTOs\RDS.Fantadepo.Models.csproj", "{71AD1A89-2D79-448F-9B4B-5CCD53569129}"
EndProject
Global
	GlobalSection(SolutionConfigurationPlatforms) = preSolution
		Debug|Any CPU = Debug|Any CPU
		Release|Any CPU = Release|Any CPU
	EndGlobalSection
	GlobalSection(ProjectConfigurationPlatforms) = postSolution
		{03EF7C46-311D-49F8-9137-854CB70B787C}.Debug|Any CPU.ActiveCfg = Debug|Any CPU
		{03EF7C46-311D-49F8-9137-854CB70B787C}.Debug|Any CPU.Build.0 = Debug|Any CPU
		{03EF7C46-311D-49F8-9137-854CB70B787C}.Release|Any CPU.ActiveCfg = Release|Any CPU
		{03EF7C46-311D-49F8-9137-854CB70B787C}.Release|Any CPU.Build.0 = Release|Any CPU
		{7BBB079C-F7EF-4C57-A76A-D1ADC75AD179}.Debug|Any CPU.ActiveCfg = Debug|Any CPU
		{7BBB079C-F7EF-4C57-A76A-D1ADC75AD179}.Debug|Any CPU.Build.0 = Debug|Any CPU
		{7BBB079C-F7EF-4C57-A76A-D1ADC75AD179}.Debug|Any CPU.Deploy.0 = Debug|Any CPU
		{7BBB079C-F7EF-4C57-A76A-D1ADC75AD179}.Release|Any CPU.ActiveCfg = Release|Any CPU
		{7BBB079C-F7EF-4C57-A76A-D1ADC75AD179}.Release|Any CPU.Build.0 = Release|Any CPU
		{7BBB079C-F7EF-4C57-A76A-D1ADC75AD179}.Release|Any CPU.Deploy.0 = Release|Any CPU
		{9C11D537-BB70-4A13-88BE-EE30B1C160C2}.Debug|Any CPU.ActiveCfg = Debug|Any CPU
		{9C11D537-BB70-4A13-88BE-EE30B1C160C2}.Debug|Any CPU.Build.0 = Debug|Any CPU
		{9C11D537-BB70-4A13-88BE-EE30B1C160C2}.Release|Any CPU.ActiveCfg = Release|Any CPU
		{9C11D537-BB70-4A13-88BE-EE30B1C160C2}.Release|Any CPU.Build.0 = Release|Any CPU
		{75A1B62C-5684-488A-B12E-2656BA79EC2B}.Debug|Any CPU.ActiveCfg = Debug|Any CPU
		{75A1B62C-5684-488A-B12E-2656BA79EC2B}.Debug|Any CPU.Build.0 = Debug|Any CPU
		{75A1B62C-5684-488A-B12E-2656BA79EC2B}.Release|Any CPU.ActiveCfg = Release|Any CPU
		{75A1B62C-5684-488A-B12E-2656BA79EC2B}.Release|Any CPU.Build.0 = Release|Any CPU
		{98B3A10F-81E1-4B4A-8792-25BB96933E4E}.Debug|Any CPU.ActiveCfg = Debug|Any CPU
		{98B3A10F-81E1-4B4A-8792-25BB96933E4E}.Debug|Any CPU.Build.0 = Debug|Any CPU
		{98B3A10F-81E1-4B4A-8792-25BB96933E4E}.Release|Any CPU.ActiveCfg = Release|Any CPU
		{98B3A10F-81E1-4B4A-8792-25BB96933E4E}.Release|Any CPU.Build.0 = Release|Any CPU
		{71AD1A89-2D79-448F-9B4B-5CCD53569129}.Debug|Any CPU.ActiveCfg = Debug|Any CPU
		{71AD1A89-2D79-448F-9B4B-5CCD53569129}.Debug|Any CPU.Build.0 = Debug|Any CPU
		{71AD1A89-2D79-448F-9B4B-5CCD53569129}.Release|Any CPU.ActiveCfg = Release|Any CPU
		{71AD1A89-2D79-448F-9B4B-5CCD53569129}.Release|Any CPU.Build.0 = Release|Any CPU
	EndGlobalSection
	GlobalSection(SolutionProperties) = preSolution
		HideSolutionNode = FALSE
	EndGlobalSection
	GlobalSection(ExtensibilityGlobals) = postSolution
		SolutionGuid = {E0EFB981-7FC5-4735-9462-F156957353F0}
	EndGlobalSection
EndGlobal
